
Microsoft Visual Studio Solution File, Format Version 12.00
# Visual Studio Version 17
VisualStudioVersion = 17.5.002.0
MinimumVisualStudioVersion = 10.0.40219.1
Project("{9A19103F-16F7-4668-BE54-9A1E7A4F7556}") = "SimpleChatApplication", "SimpleChatApplication.csproj", "{BE0CEBDD-BAD8-49CE-9D0E-A77908334FFE}"
EndProject
Project("{9A19103F-16F7-4668-BE54-9A1E7A4F7556}") = "SimpleChatApplication.Test", "..\SimpleChatApplication.Test\SimpleChatApplication.Test.csproj", "{F239E6C9-925A-456E-B2C8-0B3051A67442}"
EndProject
Project("{2150E333-8FDC-42A3-9474-1A3956D46DE8}") = "Solution Items", "Solution Items", "{BF158792-37ED-4185-AD81-613EAC43E3B4}"
	ProjectSection(SolutionItems) = preProject
		.editorconfig = .editorconfig
	EndProjectSection
EndProject
Global
	GlobalSection(SolutionConfigurationPlatforms) = preSolution
		Debug|Any CPU = Debug|Any CPU
		Release|Any CPU = Release|Any CPU
	EndGlobalSection
	GlobalSection(ProjectConfigurationPlatforms) = postSolution
		{BE0CEBDD-BAD8-49CE-9D0E-A77908334FFE}.Debug|Any CPU.ActiveCfg = Debug|Any CPU
		{BE0CEBDD-BAD8-49CE-9D0E-A77908334FFE}.Debug|Any CPU.Build.0 = Debug|Any CPU
		{BE0CEBDD-BAD8-49CE-9D0E-A77908334FFE}.Release|Any CPU.ActiveCfg = Release|Any CPU
		{BE0CEBDD-BAD8-49CE-9D0E-A77908334FFE}.Release|Any CPU.Build.0 = Release|Any CPU
		{F239E6C9-925A-456E-B2C8-0B3051A67442}.Debug|Any CPU.ActiveCfg = Debug|Any CPU
		{F239E6C9-925A-456E-B2C8-0B3051A67442}.Debug|Any CPU.Build.0 = Debug|Any CPU
		{F239E6C9-925A-456E-B2C8-0B3051A67442}.Release|Any CPU.ActiveCfg = Release|Any CPU
		{F239E6C9-925A-456E-B2C8-0B3051A67442}.Release|Any CPU.Build.0 = Release|Any CPU
	EndGlobalSection
	GlobalSection(SolutionProperties) = preSolution
		HideSolutionNode = FALSE
	EndGlobalSection
	GlobalSection(ExtensibilityGlobals) = postSolution
		SolutionGuid = {11B854F9-D584-4B81-AC00-6C3A09FF0AB4}
	EndGlobalSection
EndGlobal
